
Microsoft Visual Studio Solution File, Format Version 12.00
# Visual Studio Version 17
VisualStudioVersion = 17.6.33801.468
MinimumVisualStudioVersion = 10.0.40219.1
Project("{FAE04EC0-301F-11D3-BF4B-00C04F79EFBC}") = "OdevThread", "OdevThread\OdevThread.csproj", "{B4921794-396F-4B98-8646-9A47E67C91F9}"
EndProject
Global
	GlobalSection(SolutionConfigurationPlatforms) = preSolution
		Debug|Any CPU = Debug|Any CPU
		Release|Any CPU = Release|Any CPU
	EndGlobalSection
	GlobalSection(ProjectConfigurationPlatforms) = postSolution
		{B4921794-396F-4B98-8646-9A47E67C91F9}.Debug|Any CPU.ActiveCfg = Debug|Any CPU
		{B4921794-396F-4B98-8646-9A47E67C91F9}.Debug|Any CPU.Build.0 = Debug|Any CPU
		{B4921794-396F-4B98-8646-9A47E67C91F9}.Release|Any CPU.ActiveCfg = Release|Any CPU
		{B4921794-396F-4B98-8646-9A47E67C91F9}.Release|Any CPU.Build.0 = Release|Any CPU
	EndGlobalSection
	GlobalSection(SolutionProperties) = preSolution
		HideSolutionNode = FALSE
	EndGlobalSection
	GlobalSection(ExtensibilityGlobals) = postSolution
		SolutionGuid = {D126FB0F-2897-48F5-8573-B34A03B449B2}
	EndGlobalSection
EndGlobal
